
Microsoft Visual Studio Solution File, Format Version 12.00
# Visual Studio Version 16
VisualStudioVersion = 16.0.30907.101
MinimumVisualStudioVersion = 10.0.40219.1
Project("{FAE04EC0-301F-11D3-BF4B-00C04F79EFBC}") = "HW.Api", "HW.Api\HW.Api.csproj", "{5AC8D795-01B7-4DE7-8F87-B66A365CA2D7}"
EndProject
Project("{FAE04EC0-301F-11D3-BF4B-00C04F79EFBC}") = "HW.Domain", "HW.Domain\HW.Domain.csproj", "{DDCC7DBC-0DAB-4441-BB91-3B9A996151A0}"
EndProject
Project("{FAE04EC0-301F-11D3-BF4B-00C04F79EFBC}") = "HW.Infra", "HW.Infra\HW.Infra.csproj", "{4740D646-443F-4592-B41C-2D039C8EC1CC}"
EndProject
Global
	GlobalSection(SolutionConfigurationPlatforms) = preSolution
		Debug|Any CPU = Debug|Any CPU
		Release|Any CPU = Release|Any CPU
	EndGlobalSection
	GlobalSection(ProjectConfigurationPlatforms) = postSolution
		{5AC8D795-01B7-4DE7-8F87-B66A365CA2D7}.Debug|Any CPU.ActiveCfg = Debug|Any CPU
		{5AC8D795-01B7-4DE7-8F87-B66A365CA2D7}.Debug|Any CPU.Build.0 = Debug|Any CPU
		{5AC8D795-01B7-4DE7-8F87-B66A365CA2D7}.Release|Any CPU.ActiveCfg = Release|Any CPU
		{5AC8D795-01B7-4DE7-8F87-B66A365CA2D7}.Release|Any CPU.Build.0 = Release|Any CPU
		{DDCC7DBC-0DAB-4441-BB91-3B9A996151A0}.Debug|Any CPU.ActiveCfg = Debug|Any CPU
		{DDCC7DBC-0DAB-4441-BB91-3B9A996151A0}.Debug|Any CPU.Build.0 = Debug|Any CPU
		{DDCC7DBC-0DAB-4441-BB91-3B9A996151A0}.Release|Any CPU.ActiveCfg = Release|Any CPU
		{DDCC7DBC-0DAB-4441-BB91-3B9A996151A0}.Release|Any CPU.Build.0 = Release|Any CPU
		{4740D646-443F-4592-B41C-2D039C8EC1CC}.Debug|Any CPU.ActiveCfg = Debug|Any CPU
		{4740D646-443F-4592-B41C-2D039C8EC1CC}.Debug|Any CPU.Build.0 = Debug|Any CPU
		{4740D646-443F-4592-B41C-2D039C8EC1CC}.Release|Any CPU.ActiveCfg = Release|Any CPU
		{4740D646-443F-4592-B41C-2D039C8EC1CC}.Release|Any CPU.Build.0 = Release|Any CPU
	EndGlobalSection
	GlobalSection(SolutionProperties) = preSolution
		HideSolutionNode = FALSE
	EndGlobalSection
	GlobalSection(ExtensibilityGlobals) = postSolution
		SolutionGuid = {0833E591-E73C-4EE5-9AB6-A72AB784699A}
	EndGlobalSection
EndGlobal
